<Solution>
  <Folder Name="/Mibo/" />
  <Folder Name="/Mibo/src/">
    <Project Path="Mibo/src/Mibo.Core/Mibo.Core.fsproj" />
    <Project Path="Mibo/src/Mibo.Raylib/Mibo.Raylib.fsproj" />
    <Project Path="Mibo/src/Mibo.MonoGame/Mibo.MonoGame.fsproj" />
  </Folder>
  <Folder Name="/PingPong/">
    <Project Path="PingPong/Raylib/Raylib.fsproj" />
    <Project Path="PingPong/Server/Server.fsproj" />
    <Project Path="PingPong/Shared/Shared.fsproj" />
    <Project Path="PingPong/MonoGL/MonoGL.fsproj" />
  </Folder>
  <Folder Name="/FPSSample/">
    <Project Path="FPSSample/Shared/Shared.fsproj" />
    <Project Path="FPSSample/Shared.Tests/Shared.Tests.fsproj" />
    <Project Path="FPSSample/Raylib/Raylib.fsproj" />
    <Project Path="FPSSample/MonoShared/MonoShared.fsproj" />
    <Project Path="FPSSample/MonoGL/MonoGL.fsproj" />
    <Project Path="FPSSample/MonoDX11/MonoDX11.fsproj" />
    <Project Path="FPSSample/MonoVK/MonoVK.fsproj" />
    <Project Path="FPSSample/MonoDX12/MonoDX12.fsproj" />
  </Folder>
  <Folder Name="/Platformer/">
    <Project Path="Platformer/Shared/Shared.fsproj" />
    <Project Path="Platformer/Shared.Tests/Shared.Tests.fsproj" />
    <Project Path="Platformer/Raylib/Raylib.fsproj" />
    <Project Path="Platformer/MonoDX12/MonoDX12.fsproj" />
    <Project Path="Platformer/MonoVK/MonoVK.fsproj" />
  </Folder>
  <Folder Name="/Platformer3D/">
    <Project Path="Platformer3D/Shared/Shared.fsproj" />
    <Project Path="Platformer3D/Shared.Tests/Shared.Tests.fsproj" />
    <Project Path="Platformer3D/Raylib/Raylib.fsproj" />
    <Project Path="Platformer3D/MonoDX12/MonoDX12.fsproj" />
    <Project Path="Platformer3D/MonoVK/MonoVK.fsproj" />
    <Project Path="Platformer3D/MonoGL/MonoGL.fsproj" />
    <Project Path="Platformer3D/MonoDX11/MonoDX11.fsproj" />
  </Folder>
  <Folder Name="/AnimatedInstancing/">
    <Project Path="AnimatedInstancing/Shared/Shared.fsproj" />
    <Project Path="AnimatedInstancing/Raylib/Raylib.fsproj" />
    <Project Path="AnimatedInstancing/MonoDX12/MonoDX12.fsproj" />
    <Project Path="AnimatedInstancing/MonoGL/MonoGL.fsproj" />
    <Project Path="AnimatedInstancing/MonoVK/MonoVK.fsproj" />
    <Project Path="AnimatedInstancing/MonoDX11/MonoDX11.fsproj" />
  </Folder>
  <Folder Name="/ModelProbe/">
    <Project Path="ModelProbe/MonoShared/MonoShared.fsproj" />
    <Project Path="ModelProbe/MonoVK/MonoVK.fsproj" />
    <Project Path="ModelProbe/Raylib/Raylib.fsproj" />
    <Project Path="ModelProbe/MonoDX12/MonoDX12.fsproj" />
    <Project Path="ModelProbe/MonoDX11/MonoDX11.fsproj" />
    <Project Path="ModelProbe/MonoGL/MonoGL.fsproj" />
  </Folder>
  <Folder Name="/Defli/">
    <Project Path="Defli/Shared/Shared.fsproj" />
    <Project Path="Defli/Shared.Tests/Shared.Tests.fsproj" />
    <Project Path="Defli/Raylib/Raylib.fsproj" />
    <Project Path="Defli/MonoDX12/MonoDX12.fsproj" />
    <Project Path="Defli/MonoVK/MonoVK.fsproj" />
    <Project Path="Defli/MonoGL/MonoGL.fsproj" />
    <Project Path="Defli/MonoDX11/MonoDX11.fsproj" />
  </Folder>
  <Project Path="SpaceBattle/SpaceBattle.fsproj" />
  <Project Path="BoneProbe/BoneProbe.fsproj" />
</Solution>
