<Solution>
  <Folder Name="/Mibo/" />
  <Folder Name="/Mibo/src/">
    <Project Path="Mibo/src/Mibo.Core/Mibo.Core.fsproj" />
    <Project Path="Mibo/src/Mibo.Raylib/Mibo.Raylib.fsproj" />
    <Project Path="Mibo/src/Mibo.MonoGame/Mibo.MonoGame.fsproj" />
  </Folder>
  <Folder Name="/PingPong/">
    <Project Path="PingPong/Client/Client.fsproj" />
    <Project Path="PingPong/Server/Server.fsproj" />
    <Project Path="PingPong/Shared/Shared.fsproj" />
    <Project Path="PingPong/MonoClient/MonoClient.fsproj" />
  </Folder>
  <Folder Name="/FPSSample/">
    <Project Path="FPSSample/Shared/Shared.fsproj" />
    <Project Path="FPSSample/Shared.Tests/Shared.Tests.fsproj" />
    <Project Path="FPSSample/Raylib/Raylib.fsproj" />
    <Project Path="FPSSample/MonoShared/MonoShared.fsproj" />
    <Project Path="FPSSample/MonoDesktop/MonoDesktop.fsproj" />
    <Project Path="FPSSample/MonoWindowsDX/MonoWindowsDX.fsproj" />
    <Project Path="FPSSample/MonoVulkan/MonoVulkan.fsproj" />
    <Project Path="FPSSample/MonoDX12/MonoDX12.fsproj" />
  </Folder>
  <Folder Name="/Platformer/">
    <Project Path="Platformer/Shared/Shared.fsproj" />
    <Project Path="Platformer/Shared.Tests/Shared.Tests.fsproj" />
    <Project Path="Platformer/Raylib/Raylib.fsproj" />
    <Project Path="Platformer/MonoGame/MonoGame.fsproj" />
    <Project Path="Platformer/MonoVulkan/MonoVulkan.fsproj" />
  </Folder>
  <Folder Name="/Platformer3D/">
    <Project Path="Platformer3D/Shared/Shared.fsproj" />
    <Project Path="Platformer3D/Shared.Tests/Shared.Tests.fsproj" />
    <Project Path="Platformer3D/Raylib/Raylib.fsproj" />
    <Project Path="Platformer3D/MonoGame/MonoGame.fsproj" />
    <Project Path="Platformer3D/MonoVulkan/MonoVulkan.fsproj" />
    <Project Path="Platformer3D/MonoGL/MonoGL.fsproj" />
    <Project Path="Platformer3D/MonoDX11/MonoDX11.fsproj" />
  </Folder>
  <Folder Name="/AnimatedInstancing/">
    <Project Path="AnimatedInstancing/Shared/Shared.fsproj" />
    <Project Path="AnimatedInstancing/Raylib/Raylib.fsproj" />
    <Project Path="AnimatedInstancing/MonoGame/MonoGame.fsproj" />
    <Project Path="AnimatedInstancing/MonoGL/MonoGL.fsproj" />
    <Project Path="AnimatedInstancing/MonoVulkan/MonoVulkan.fsproj" />
    <Project Path="AnimatedInstancing/MonoDX11/MonoDX11.fsproj" />
  </Folder>
  <Folder Name="/ModelProbe/">
    <Project Path="ModelProbe/src/ModelProbe.fsproj" />
    <Project Path="ModelProbe/DesktopVK/DesktopVK.fsproj" />
    <Project Path="ModelProbe/WindowsDX12/WindowsDX12.fsproj" />
  </Folder>
  <Project Path="SpaceBattle/SpaceBattle.fsproj" />
  <Project Path="BoneProbe/BoneProbe.fsproj" />
</Solution>
